<Solution>
  <Configurations>
    <BuildType Name="Debug" />
    <BuildType Name="Release" />
    <BuildType Name="ReleaseFull" />
    <Platform Name="x64" />
  </Configurations>
  <Project Path="BiliRadar/BiliRadar.csproj">
    <Platform Solution="*|x64" Project="x64" />
    <Deploy />
  </Project>
</Solution>
